
Microsoft Visual Studio Solution File, Format Version 12.00
# Visual Studio 2015
Project("{FAE04EC0-301F-11D3-BF4B-00C04F79EFBC}") = "Farm Fruit V2 WinStore.CSharp.Plugins", "Farm Fruit V2 WinStore.CSharp.Plugins.csproj", "{C228621A-6240-2E4B-12EB-8E7F67478C8A}"
EndProject
Project("{FAE04EC0-301F-11D3-BF4B-00C04F79EFBC}") = "Farm Fruit V2 WinStore.CSharp", "Farm Fruit V2 WinStore.CSharp.csproj", "{D6E83340-11EC-C3E7-7AF0-0DE7785F117E}"
EndProject
Project("{FAE04EC0-301F-11D3-BF4B-00C04F79EFBC}") = "Farm Fruit V2 WinStore.CSharp.Editor", "Farm Fruit V2 WinStore.CSharp.Editor.csproj", "{43282C67-E7B4-23AC-9097-DAA2781A177E}"
EndProject
Global
	GlobalSection(SolutionConfigurationPlatforms) = preSolution
		Debug|Any CPU = Debug|Any CPU
		Release|Any CPU = Release|Any CPU
	EndGlobalSection
	GlobalSection(ProjectConfigurationPlatforms) = postSolution
		{C228621A-6240-2E4B-12EB-8E7F67478C8A}.Debug|Any CPU.ActiveCfg = Debug|Any CPU
		{C228621A-6240-2E4B-12EB-8E7F67478C8A}.Debug|Any CPU.Build.0 = Debug|Any CPU
		{C228621A-6240-2E4B-12EB-8E7F67478C8A}.Release|Any CPU.ActiveCfg = Release|Any CPU
		{C228621A-6240-2E4B-12EB-8E7F67478C8A}.Release|Any CPU.Build.0 = Release|Any CPU
		{D6E83340-11EC-C3E7-7AF0-0DE7785F117E}.Debug|Any CPU.ActiveCfg = Debug|Any CPU
		{D6E83340-11EC-C3E7-7AF0-0DE7785F117E}.Debug|Any CPU.Build.0 = Debug|Any CPU
		{D6E83340-11EC-C3E7-7AF0-0DE7785F117E}.Release|Any CPU.ActiveCfg = Release|Any CPU
		{D6E83340-11EC-C3E7-7AF0-0DE7785F117E}.Release|Any CPU.Build.0 = Release|Any CPU
		{43282C67-E7B4-23AC-9097-DAA2781A177E}.Debug|Any CPU.ActiveCfg = Debug|Any CPU
		{43282C67-E7B4-23AC-9097-DAA2781A177E}.Debug|Any CPU.Build.0 = Debug|Any CPU
		{43282C67-E7B4-23AC-9097-DAA2781A177E}.Release|Any CPU.ActiveCfg = Release|Any CPU
		{43282C67-E7B4-23AC-9097-DAA2781A177E}.Release|Any CPU.Build.0 = Release|Any CPU
	EndGlobalSection
	GlobalSection(SolutionProperties) = preSolution
		HideSolutionNode = FALSE
	EndGlobalSection
EndGlobal
